# This file was autogenerated by Stack.
# You should not edit this file by hand.
# For more information, please see the documentation at:
#   https://docs.haskellstack.org/en/stable/lock_files

packages:
- completed:
    commit: 16cdf5df7b98407f4b83e18e7772240bdcdf89c3
    git: https://github.com/Vlix/telegram-bot.git
    name: telegram-bot
    pantry-tree:
      sha256: bae3082b6086601d19252bd3a23a2a7e6d48775a45de967d82040bb19aae3ca1
      size: 1419
    version: 0.2.2.0
  original:
    commit: 16cdf5df7b98407f4b83e18e7772240bdcdf89c3
    git: https://github.com/Vlix/telegram-bot.git
snapshots:
- completed:
    sha256: 42f77c84b34f68c30c2cd0bf8c349f617a0f428264362426290847a6a2019b64
    size: 649618
    url: https://raw.githubusercontent.com/commercialhaskell/stackage-snapshots/master/lts/20/19.yaml
  original: lts-20.19
